
Microsoft Visual Studio Solution File, Format Version 12.00
# Visual Studio Version 17
VisualStudioVersion = 17.3.32929.385
MinimumVisualStudioVersion = 10.0.40219.1
Project("{FAE04EC0-301F-11D3-BF4B-00C04F79EFBC}") = "SistemaDeControleDeAbastecimento", "SistemaDeControleDeAbastecimento\SistemaDeControleDeAbastecimento.csproj", "{18A86727-8150-4FB8-AE62-3C98B19C574B}"
EndProject
Global
	GlobalSection(SolutionConfigurationPlatforms) = preSolution
		Debug|Any CPU = Debug|Any CPU
		Release|Any CPU = Release|Any CPU
	EndGlobalSection
	GlobalSection(ProjectConfigurationPlatforms) = postSolution
		{18A86727-8150-4FB8-AE62-3C98B19C574B}.Debug|Any CPU.ActiveCfg = Debug|Any CPU
		{18A86727-8150-4FB8-AE62-3C98B19C574B}.Debug|Any CPU.Build.0 = Debug|Any CPU
		{18A86727-8150-4FB8-AE62-3C98B19C574B}.Release|Any CPU.ActiveCfg = Release|Any CPU
		{18A86727-8150-4FB8-AE62-3C98B19C574B}.Release|Any CPU.Build.0 = Release|Any CPU
	EndGlobalSection
	GlobalSection(SolutionProperties) = preSolution
		HideSolutionNode = FALSE
	EndGlobalSection
	GlobalSection(ExtensibilityGlobals) = postSolution
		SolutionGuid = {D7621DF7-48BE-4561-A683-9AF2FA709D3F}
	EndGlobalSection
EndGlobal
